// !$*UTF8*$!
{
	archiveVersion = 1;
	classes = {
	};
	objectVersion = 56;
	objects = {

/* Begin PBXBuildFile section */
		001 /* ConciergeSwiftApp.swift in Sources */ = {isa = PBXBuildFile; fileRef = 101 /* ConciergeSwiftApp.swift */; };
		002 /* AppDelegate.swift in Sources */ = {isa = PBXBuildFile; fileRef = 102 /* AppDelegate.swift */; };
		003 /* Theme.swift in Sources */ = {isa = PBXBuildFile; fileRef = 103 /* Theme.swift */; };
		004 /* User.swift in Sources */ = {isa = PBXBuildFile; fileRef = 104 /* User.swift */; };
		005 /* Transaction.swift in Sources */ = {isa = PBXBuildFile; fileRef = 105 /* Transaction.swift */; };
		006 /* Message.swift in Sources */ = {isa = PBXBuildFile; fileRef = 106 /* Message.swift */; };
		007 /* AuthService.swift in Sources */ = {isa = PBXBuildFile; fileRef = 107 /* AuthService.swift */; };
		008 /* FirestoreService.swift in Sources */ = {isa = PBXBuildFile; fileRef = 108 /* FirestoreService.swift */; };
		009 /* AIService.swift in Sources */ = {isa = PBXBuildFile; fileRef = 109 /* AIService.swift */; };
		010 /* KeychainService.swift in Sources */ = {isa = PBXBuildFile; fileRef = 110 /* KeychainService.swift */; };
		011 /* AuthView.swift in Sources */ = {isa = PBXBuildFile; fileRef = 111 /* AuthView.swift */; };
		012 /* MainTabView.swift in Sources */ = {isa = PBXBuildFile; fileRef = 112 /* MainTabView.swift */; };
		013 /* HomeView.swift in Sources */ = {isa = PBXBuildFile; fileRef = 113 /* HomeView.swift */; };
		014 /* ChatView.swift in Sources */ = {isa = PBXBuildFile; fileRef = 114 /* ChatView.swift */; };
		015 /* TransactionsView.swift in Sources */ = {isa = PBXBuildFile; fileRef = 115 /* TransactionsView.swift */; };
		016 /* CardsView.swift in Sources */ = {isa = PBXBuildFile; fileRef = 116 /* CardsView.swift */; };
		017 /* ProfileView.swift in Sources */ = {isa = PBXBuildFile; fileRef = 117 /* ProfileView.swift */; };
		018 /* GoogleService-Info.plist in Resources */ = {isa = PBXBuildFile; fileRef = 118 /* GoogleService-Info.plist */; };
		019 /* Debt.swift in Sources */ = {isa = PBXBuildFile; fileRef = 120 /* Debt.swift */; };
		021 /* AppNotification.swift in Sources */ = {isa = PBXBuildFile; fileRef = 121 /* AppNotification.swift */; };
		022 /* NotificationService.swift in Sources */ = {isa = PBXBuildFile; fileRef = 122 /* NotificationService.swift */; };
		023 /* NotificationsView.swift in Sources */ = {isa = PBXBuildFile; fileRef = 123 /* NotificationsView.swift */; };
		043CD30B2F49135A00046B30 /* welcome_hero.png in Resources */ = {isa = PBXBuildFile; fileRef = 043CD30A2F49135A00046B30 /* welcome_hero.png */; };
		04B1EAC22F2C5E9900F148CE /* FirebaseAuth in Frameworks */ = {isa = PBXBuildFile; productRef = 600 /* FirebaseAuth */; };
		04B1EAC32F2C5E9900F148CE /* FirebaseFirestore in Frameworks */ = {isa = PBXBuildFile; productRef = 601 /* FirebaseFirestore */; };
		04B1EAC42F2C5E9900F148CE /* FirebaseMessaging in Frameworks */ = {isa = PBXBuildFile; productRef = 602 /* FirebaseMessaging */; };
		1E4B479E7668CA794D97C034 /* CurrencySelectionView.swift in Sources */ = {isa = PBXBuildFile; fileRef = 45EE701CACD5B912EC5F7EEF /* CurrencySelectionView.swift */; };
		35F5021E48A3565E164EDA55 /* ProfileViewModel.swift in Sources */ = {isa = PBXBuildFile; fileRef = A52266C3C6CADCD9AB2A7B1A /* ProfileViewModel.swift */; };
		40FB4492EC37CC542308EE62 /* EditProfileView.swift in Sources */ = {isa = PBXBuildFile; fileRef = 814C258ACE86F9D5A4657744 /* EditProfileView.swift */; };
		6431AE4823881168F7BD7769 /* ConciergeBlackView.swift in Sources */ = {isa = PBXBuildFile; fileRef = 62C31C2F7AB50D036FACCD3D /* ConciergeBlackView.swift */; };
		8B9A2E202EADFF51A8EE64F2 /* StoreKitManager.swift in Sources */ = {isa = PBXBuildFile; fileRef = 02A8D4568F6103D27B2C0994 /* StoreKitManager.swift */; };
		F8134967B96FE5D849C2C78F /* ExportDataPopup.swift in Sources */ = {isa = PBXBuildFile; fileRef = BA34D40FA8CFA933D2A00894 /* ExportDataPopup.swift */; };
/* End PBXBuildFile section */

/* Begin PBXFileReference section */
		02A8D4568F6103D27B2C0994 /* StoreKitManager.swift */ = {isa = PBXFileReference; includeInIndex = 1; lastKnownFileType = sourcecode.swift; name = StoreKitManager.swift; path = ConciergeSwift/Core/Services/StoreKitManager.swift; sourceTree = "<group>"; };
		043CD3092F4910AD00046B30 /* Assets.xcassets */ = {isa = PBXFileReference; lastKnownFileType = folder.assetcatalog; path = Assets.xcassets; sourceTree = "<group>"; };
		043CD30A2F49135A00046B30 /* welcome_hero.png */ = {isa = PBXFileReference; lastKnownFileType = image.png; path = welcome_hero.png; sourceTree = "<group>"; };
		100 /* ConciergeSwift.app */ = {isa = PBXFileReference; explicitFileType = wrapper.application; includeInIndex = 0; path = ConciergeSwift.app; sourceTree = BUILT_PRODUCTS_DIR; };
		101 /* ConciergeSwiftApp.swift */ = {isa = PBXFileReference; lastKnownFileType = sourcecode.swift; path = ConciergeSwiftApp.swift; sourceTree = "<group>"; };
		102 /* AppDelegate.swift */ = {isa = PBXFileReference; lastKnownFileType = sourcecode.swift; path = AppDelegate.swift; sourceTree = "<group>"; };
		103 /* Theme.swift */ = {isa = PBXFileReference; lastKnownFileType = sourcecode.swift; path = Theme.swift; sourceTree = "<group>"; };
		104 /* User.swift */ = {isa = PBXFileReference; lastKnownFileType = sourcecode.swift; path = User.swift; sourceTree = "<group>"; };
		105 /* Transaction.swift */ = {isa = PBXFileReference; lastKnownFileType = sourcecode.swift; path = Transaction.swift; sourceTree = "<group>"; };
		106 /* Message.swift */ = {isa = PBXFileReference; lastKnownFileType = sourcecode.swift; path = Message.swift; sourceTree = "<group>"; };
		107 /* AuthService.swift */ = {isa = PBXFileReference; lastKnownFileType = sourcecode.swift; path = AuthService.swift; sourceTree = "<group>"; };
		108 /* FirestoreService.swift */ = {isa = PBXFileReference; lastKnownFileType = sourcecode.swift; path = FirestoreService.swift; sourceTree = "<group>"; };
		109 /* AIService.swift */ = {isa = PBXFileReference; lastKnownFileType = sourcecode.swift; path = AIService.swift; sourceTree = "<group>"; };
		110 /* KeychainService.swift */ = {isa = PBXFileReference; lastKnownFileType = sourcecode.swift; path = KeychainService.swift; sourceTree = "<group>"; };
		111 /* AuthView.swift */ = {isa = PBXFileReference; lastKnownFileType = sourcecode.swift; path = AuthView.swift; sourceTree = "<group>"; };
		112 /* MainTabView.swift */ = {isa = PBXFileReference; lastKnownFileType = sourcecode.swift; path = MainTabView.swift; sourceTree = "<group>"; };
		113 /* HomeView.swift */ = {isa = PBXFileReference; lastKnownFileType = sourcecode.swift; path = HomeView.swift; sourceTree = "<group>"; };
		114 /* ChatView.swift */ = {isa = PBXFileReference; lastKnownFileType = sourcecode.swift; path = ChatView.swift; sourceTree = "<group>"; };
		115 /* TransactionsView.swift */ = {isa = PBXFileReference; lastKnownFileType = sourcecode.swift; path = TransactionsView.swift; sourceTree = "<group>"; };
		116 /* CardsView.swift */ = {isa = PBXFileReference; lastKnownFileType = sourcecode.swift; path = CardsView.swift; sourceTree = "<group>"; };
		117 /* ProfileView.swift */ = {isa = PBXFileReference; lastKnownFileType = sourcecode.swift; path = ProfileView.swift; sourceTree = "<group>"; };
		118 /* GoogleService-Info.plist */ = {isa = PBXFileReference; lastKnownFileType = text.plist.xml; path = "GoogleService-Info.plist"; sourceTree = "<group>"; };
		119 /* Info.plist */ = {isa = PBXFileReference; lastKnownFileType = text.plist.xml; path = Info.plist; sourceTree = "<group>"; };
		120 /* Debt.swift */ = {isa = PBXFileReference; lastKnownFileType = sourcecode.swift; path = Debt.swift; sourceTree = "<group>"; };
		121 /* AppNotification.swift */ = {isa = PBXFileReference; lastKnownFileType = sourcecode.swift; path = AppNotification.swift; sourceTree = "<group>"; };
		122 /* NotificationService.swift */ = {isa = PBXFileReference; lastKnownFileType = sourcecode.swift; path = NotificationService.swift; sourceTree = "<group>"; };
		123 /* NotificationsView.swift */ = {isa = PBXFileReference; lastKnownFileType = sourcecode.swift; path = NotificationsView.swift; sourceTree = "<group>"; };
		45EE701CACD5B912EC5F7EEF /* CurrencySelectionView.swift */ = {isa = PBXFileReference; includeInIndex = 1; lastKnownFileType = sourcecode.swift; path = CurrencySelectionView.swift; sourceTree = "<group>"; };
		62C31C2F7AB50D036FACCD3D /* ConciergeBlackView.swift */ = {isa = PBXFileReference; includeInIndex = 1; lastKnownFileType = sourcecode.swift; name = ConciergeBlackView.swift; path = ConciergeSwift/Features/Profile/ConciergeBlackView.swift; sourceTree = "<group>"; };
		814C258ACE86F9D5A4657744 /* EditProfileView.swift */ = {isa = PBXFileReference; includeInIndex = 1; lastKnownFileType = sourcecode.swift; path = EditProfileView.swift; sourceTree = "<group>"; };
		A52266C3C6CADCD9AB2A7B1A /* ProfileViewModel.swift */ = {isa = PBXFileReference; includeInIndex = 1; lastKnownFileType = sourcecode.swift; path = ProfileViewModel.swift; sourceTree = "<group>"; };
		BA34D40FA8CFA933D2A00894 /* ExportDataPopup.swift */ = {isa = PBXFileReference; includeInIndex = 1; lastKnownFileType = sourcecode.swift; path = ExportDataPopup.swift; sourceTree = "<group>"; };
/* End PBXFileReference section */

/* Begin PBXFrameworksBuildPhase section */
		200 /* Frameworks */ = {
			isa = PBXFrameworksBuildPhase;
			buildActionMask = 2147483647;
			files = (
				04B1EAC32F2C5E9900F148CE /* FirebaseFirestore in Frameworks */,
				04B1EAC22F2C5E9900F148CE /* FirebaseAuth in Frameworks */,
				04B1EAC42F2C5E9900F148CE /* FirebaseMessaging in Frameworks */,
			);
			runOnlyForDeploymentPostprocessing = 0;
		};
/* End PBXFrameworksBuildPhase section */

/* Begin PBXGroup section */
		300 = {
			isa = PBXGroup;
			children = (
				043CD3092F4910AD00046B30 /* Assets.xcassets */,
				301 /* ConciergeSwift */,
				302 /* Products */,
				62C31C2F7AB50D036FACCD3D /* ConciergeBlackView.swift */,
				02A8D4568F6103D27B2C0994 /* StoreKitManager.swift */,
			);
			sourceTree = "<group>";
		};
		301 /* ConciergeSwift */ = {
			isa = PBXGroup;
			children = (
				303 /* App */,
				304 /* Core */,
				305 /* Features */,
				306 /* Components */,
				307 /* Resources */,
			);
			path = ConciergeSwift;
			sourceTree = "<group>";
		};
		302 /* Products */ = {
			isa = PBXGroup;
			children = (
				100 /* ConciergeSwift.app */,
			);
			name = Products;
			sourceTree = "<group>";
		};
		303 /* App */ = {
			isa = PBXGroup;
			children = (
				101 /* ConciergeSwiftApp.swift */,
				102 /* AppDelegate.swift */,
			);
			path = App;
			sourceTree = "<group>";
		};
		304 /* Core */ = {
			isa = PBXGroup;
			children = (
				103 /* Theme.swift */,
				308 /* Models */,
				309 /* Services */,
			);
			path = Core;
			sourceTree = "<group>";
		};
		305 /* Features */ = {
			isa = PBXGroup;
			children = (
				310 /* Auth */,
				311 /* Home */,
				312 /* Chat */,
				313 /* Transactions */,
				314 /* Cards */,
				315 /* Profile */,
				316 /* Notifications */,
			);
			path = Features;
			sourceTree = "<group>";
		};
		306 /* Components */ = {
			isa = PBXGroup;
			children = (
				112 /* MainTabView.swift */,
			);
			path = Components;
			sourceTree = "<group>";
		};
		307 /* Resources */ = {
			isa = PBXGroup;
			children = (
				043CD30A2F49135A00046B30 /* welcome_hero.png */,
				118 /* GoogleService-Info.plist */,
				119 /* Info.plist */,
			);
			path = Resources;
			sourceTree = "<group>";
		};
		308 /* Models */ = {
			isa = PBXGroup;
			children = (
				104 /* User.swift */,
				105 /* Transaction.swift */,
				120 /* Debt.swift */,
				106 /* Message.swift */,
				121 /* AppNotification.swift */,
			);
			path = Models;
			sourceTree = "<group>";
		};
		309 /* Services */ = {
			isa = PBXGroup;
			children = (
				107 /* AuthService.swift */,
				108 /* FirestoreService.swift */,
				109 /* AIService.swift */,
				110 /* KeychainService.swift */,
				122 /* NotificationService.swift */,
			);
			path = Services;
			sourceTree = "<group>";
		};
		310 /* Auth */ = {
			isa = PBXGroup;
			children = (
				111 /* AuthView.swift */,
			);
			path = Auth;
			sourceTree = "<group>";
		};
		311 /* Home */ = {
			isa = PBXGroup;
			children = (
				113 /* HomeView.swift */,
			);
			path = Home;
			sourceTree = "<group>";
		};
		312 /* Chat */ = {
			isa = PBXGroup;
			children = (
				114 /* ChatView.swift */,
			);
			path = Chat;
			sourceTree = "<group>";
		};
		313 /* Transactions */ = {
			isa = PBXGroup;
			children = (
				115 /* TransactionsView.swift */,
			);
			path = Transactions;
			sourceTree = "<group>";
		};
		314 /* Cards */ = {
			isa = PBXGroup;
			children = (
				116 /* CardsView.swift */,
			);
			path = Cards;
			sourceTree = "<group>";
		};
		315 /* Profile */ = {
			isa = PBXGroup;
			children = (
				117 /* ProfileView.swift */,
				A52266C3C6CADCD9AB2A7B1A /* ProfileViewModel.swift */,
				814C258ACE86F9D5A4657744 /* EditProfileView.swift */,
				45EE701CACD5B912EC5F7EEF /* CurrencySelectionView.swift */,
				BA34D40FA8CFA933D2A00894 /* ExportDataPopup.swift */,
			);
			path = Profile;
			sourceTree = "<group>";
		};
		316 /* Notifications */ = {
			isa = PBXGroup;
			children = (
				123 /* NotificationsView.swift */,
			);
			path = Notifications;
			sourceTree = "<group>";
		};
/* End PBXGroup section */

/* Begin PBXNativeTarget section */
		400 /* ConciergeSwift */ = {
			isa = PBXNativeTarget;
			buildConfigurationList = 500 /* Build configuration list for PBXNativeTarget "ConciergeSwift" */;
			buildPhases = (
				401 /* Sources */,
				200 /* Frameworks */,
				402 /* Resources */,
			);
			buildRules = (
			);
			dependencies = (
			);
			name = ConciergeSwift;
			packageProductDependencies = (
				600 /* FirebaseAuth */,
				601 /* FirebaseFirestore */,
				602 /* FirebaseMessaging */,
			);
			productName = ConciergeSwift;
			productReference = 100 /* ConciergeSwift.app */;
			productType = "com.apple.product-type.application";
		};
/* End PBXNativeTarget section */

/* Begin PBXProject section */
		700 /* Project object */ = {
			isa = PBXProject;
			attributes = {
				BuildIndependentTargetsInParallel = 1;
				LastSwiftUpdateCheck = 1520;
				LastUpgradeCheck = 2620;
				TargetAttributes = {
					400 = {
						CreatedOnToolsVersion = 15.2;
					};
				};
			};
			buildConfigurationList = 701 /* Build configuration list for PBXProject "ConciergeSwift" */;
			compatibilityVersion = "Xcode 14.0";
			developmentRegion = "pt-BR";
			hasScannedForEncodings = 0;
			knownRegions = (
				en,
				"pt-BR",
			);
			mainGroup = 300;
			packageReferences = (
				800 /* XCRemoteSwiftPackageReference "firebase-ios-sdk" */,
			);
			productRefGroup = 302 /* Products */;
			projectDirPath = "";
			projectRoot = "";
			targets = (
				400 /* ConciergeSwift */,
			);
		};
/* End PBXProject section */

/* Begin PBXResourcesBuildPhase section */
		402 /* Resources */ = {
			isa = PBXResourcesBuildPhase;
			buildActionMask = 2147483647;
			files = (
				043CD30B2F49135A00046B30 /* welcome_hero.png in Resources */,
				018 /* GoogleService-Info.plist in Resources */,
			);
			runOnlyForDeploymentPostprocessing = 0;
		};
/* End PBXResourcesBuildPhase section */

/* Begin PBXSourcesBuildPhase section */
		401 /* Sources */ = {
			isa = PBXSourcesBuildPhase;
			buildActionMask = 2147483647;
			files = (
				001 /* ConciergeSwiftApp.swift in Sources */,
				002 /* AppDelegate.swift in Sources */,
				003 /* Theme.swift in Sources */,
				004 /* User.swift in Sources */,
				005 /* Transaction.swift in Sources */,
				019 /* Debt.swift in Sources */,
				006 /* Message.swift in Sources */,
				007 /* AuthService.swift in Sources */,
				008 /* FirestoreService.swift in Sources */,
				009 /* AIService.swift in Sources */,
				010 /* KeychainService.swift in Sources */,
				011 /* AuthView.swift in Sources */,
				012 /* MainTabView.swift in Sources */,
				013 /* HomeView.swift in Sources */,
				014 /* ChatView.swift in Sources */,
				015 /* TransactionsView.swift in Sources */,
				016 /* CardsView.swift in Sources */,
				017 /* ProfileView.swift in Sources */,
				021 /* AppNotification.swift in Sources */,
				022 /* NotificationService.swift in Sources */,
				023 /* NotificationsView.swift in Sources */,
				35F5021E48A3565E164EDA55 /* ProfileViewModel.swift in Sources */,
				40FB4492EC37CC542308EE62 /* EditProfileView.swift in Sources */,
				1E4B479E7668CA794D97C034 /* CurrencySelectionView.swift in Sources */,
				F8134967B96FE5D849C2C78F /* ExportDataPopup.swift in Sources */,
				6431AE4823881168F7BD7769 /* ConciergeBlackView.swift in Sources */,
				8B9A2E202EADFF51A8EE64F2 /* StoreKitManager.swift in Sources */,
			);
			runOnlyForDeploymentPostprocessing = 0;
		};
/* End PBXSourcesBuildPhase section */

/* Begin XCBuildConfiguration section */
		501 /* Debug */ = {
			isa = XCBuildConfiguration;
			buildSettings = {
				ASSETCATALOG_COMPILER_APPICON_NAME = AppIcon;
				ASSETCATALOG_COMPILER_GLOBAL_ACCENT_COLOR_NAME = AccentColor;
				ASSETCATALOG_COMPILER_INCLUDE_ALL_APPICON_ASSETS = NO;
				CODE_SIGN_STYLE = Automatic;
				CURRENT_PROJECT_VERSION = 1;
				GENERATE_INFOPLIST_FILE = YES;
				INFOPLIST_FILE = ConciergeSwift/Resources/Info.plist;
				INFOPLIST_KEY_CFBundleDisplayName = Concierge;
				INFOPLIST_KEY_LSApplicationCategoryType = "public.app-category.finance";
				INFOPLIST_KEY_UIApplicationSupportsIndirectInputEvents = YES;
				INFOPLIST_KEY_UIRequiredDeviceCapabilities = armv7;
				INFOPLIST_KEY_UISupportedInterfaceOrientations = UIInterfaceOrientationPortrait;
				INFOPLIST_KEY_UISupportedInterfaceOrientations_iPad = "UIInterfaceOrientationPortrait UIInterfaceOrientationPortraitUpsideDown UIInterfaceOrientationLandscapeLeft UIInterfaceOrientationLandscapeRight";
				INFOPLIST_KEY_UISupportedInterfaceOrientations_iPhone = UIInterfaceOrientationPortrait;
				INFOPLIST_KEY_UIUserInterfaceStyle = Dark;
				LD_RUNPATH_SEARCH_PATHS = (
					"$(inherited)",
					"@executable_path/Frameworks",
				);
				MARKETING_VERSION = 1.0;
				PRODUCT_BUNDLE_IDENTIFIER = andreconcierge.app;
				PRODUCT_NAME = "$(TARGET_NAME)";
				SWIFT_EMIT_LOC_STRINGS = YES;
				SWIFT_VERSION = 5.0;
				TARGETED_DEVICE_FAMILY = "1,2";
			};
			name = Debug;
		};
		502 /* Release */ = {
			isa = XCBuildConfiguration;
			buildSettings = {
				ASSETCATALOG_COMPILER_APPICON_NAME = AppIcon;
				ASSETCATALOG_COMPILER_GLOBAL_ACCENT_COLOR_NAME = AccentColor;
				ASSETCATALOG_COMPILER_INCLUDE_ALL_APPICON_ASSETS = NO;
				CODE_SIGN_STYLE = Automatic;
				CURRENT_PROJECT_VERSION = 1;
				GENERATE_INFOPLIST_FILE = YES;
				INFOPLIST_FILE = ConciergeSwift/Resources/Info.plist;
				INFOPLIST_KEY_CFBundleDisplayName = Concierge;
				INFOPLIST_KEY_LSApplicationCategoryType = "public.app-category.finance";
				INFOPLIST_KEY_UIApplicationSupportsIndirectInputEvents = YES;
				INFOPLIST_KEY_UIRequiredDeviceCapabilities = armv7;
				INFOPLIST_KEY_UISupportedInterfaceOrientations = UIInterfaceOrientationPortrait;
				INFOPLIST_KEY_UISupportedInterfaceOrientations_iPad = "UIInterfaceOrientationPortrait UIInterfaceOrientationPortraitUpsideDown UIInterfaceOrientationLandscapeLeft UIInterfaceOrientationLandscapeRight";
				INFOPLIST_KEY_UISupportedInterfaceOrientations_iPhone = UIInterfaceOrientationPortrait;
				INFOPLIST_KEY_UIUserInterfaceStyle = Dark;
				LD_RUNPATH_SEARCH_PATHS = (
					"$(inherited)",
					"@executable_path/Frameworks",
				);
				MARKETING_VERSION = 1.0;
				PRODUCT_BUNDLE_IDENTIFIER = andreconcierge.app;
				PRODUCT_NAME = "$(TARGET_NAME)";
				SWIFT_EMIT_LOC_STRINGS = YES;
				SWIFT_VERSION = 5.0;
				TARGETED_DEVICE_FAMILY = "1,2";
			};
			name = Release;
		};
		702 /* Debug */ = {
			isa = XCBuildConfiguration;
			buildSettings = {
				ALWAYS_SEARCH_USER_PATHS = NO;
				ASSETCATALOG_COMPILER_GENERATE_SWIFT_ASSET_SYMBOL_EXTENSIONS = YES;
				CLANG_ANALYZER_LOCALIZABILITY_NONLOCALIZED = YES;
				CLANG_ANALYZER_NONNULL = YES;
				CLANG_ANALYZER_NUMBER_OBJECT_CONVERSION = YES_AGGRESSIVE;
				CLANG_CXX_LANGUAGE_STANDARD = "gnu++20";
				CLANG_ENABLE_MODULES = YES;
				CLANG_ENABLE_OBJC_ARC = YES;
				CLANG_ENABLE_OBJC_WEAK = YES;
				CLANG_WARN_BLOCK_CAPTURE_AUTORELEASING = YES;
				CLANG_WARN_BOOL_CONVERSION = YES;
				CLANG_WARN_COMMA = YES;
				CLANG_WARN_CONSTANT_CONVERSION = YES;
				CLANG_WARN_DEPRECATED_OBJC_IMPLEMENTATIONS = YES;
				CLANG_WARN_DIRECT_OBJC_ISA_USAGE = YES_ERROR;
				CLANG_WARN_DOCUMENTATION_COMMENTS = YES;
				CLANG_WARN_EMPTY_BODY = YES;
				CLANG_WARN_ENUM_CONVERSION = YES;
				CLANG_WARN_INFINITE_RECURSION = YES;
				CLANG_WARN_INT_CONVERSION = YES;
				CLANG_WARN_NON_LITERAL_NULL_CONVERSION = YES;
				CLANG_WARN_OBJC_IMPLICIT_RETAIN_SELF = YES;
				CLANG_WARN_OBJC_LITERAL_CONVERSION = YES;
				CLANG_WARN_OBJC_ROOT_CLASS = YES_ERROR;
				CLANG_WARN_QUOTED_INCLUDE_IN_FRAMEWORK_HEADER = YES;
				CLANG_WARN_RANGE_LOOP_ANALYSIS = YES;
				CLANG_WARN_STRICT_PROTOTYPES = YES;
				CLANG_WARN_SUSPICIOUS_MOVE = YES;
				CLANG_WARN_UNGUARDED_AVAILABILITY = YES_AGGRESSIVE;
				CLANG_WARN_UNREACHABLE_CODE = YES;
				CLANG_WARN__DUPLICATE_METHOD_MATCH = YES;
				COPY_PHASE_STRIP = NO;
				DEBUG_INFORMATION_FORMAT = dwarf;
				DEVELOPMENT_TEAM = 4SGLX97294;
				ENABLE_STRICT_OBJC_MSGSEND = YES;
				ENABLE_TESTABILITY = YES;
				ENABLE_USER_SCRIPT_SANDBOXING = YES;
				GCC_C_LANGUAGE_STANDARD = gnu17;
				GCC_DYNAMIC_NO_PIC = NO;
				GCC_NO_COMMON_BLOCKS = YES;
				GCC_OPTIMIZATION_LEVEL = 0;
				GCC_PREPROCESSOR_DEFINITIONS = (
					"DEBUG=1",
					"$(inherited)",
				);
				GCC_WARN_64_TO_32_BIT_CONVERSION = YES;
				GCC_WARN_ABOUT_RETURN_TYPE = YES_ERROR;
				GCC_WARN_UNDECLARED_SELECTOR = YES;
				GCC_WARN_UNINITIALIZED_AUTOS = YES_AGGRESSIVE;
				GCC_WARN_UNUSED_FUNCTION = YES;
				GCC_WARN_UNUSED_VARIABLE = YES;
				IPHONEOS_DEPLOYMENT_TARGET = 17.0;
				LOCALIZATION_PREFERS_STRING_CATALOGS = YES;
				MTL_ENABLE_DEBUG_INFO = INCLUDE_SOURCE;
				MTL_FAST_MATH = YES;
				ONLY_ACTIVE_ARCH = YES;
				SDKROOT = iphoneos;
				STRING_CATALOG_GENERATE_SYMBOLS = YES;
				SWIFT_ACTIVE_COMPILATION_CONDITIONS = "DEBUG $(inherited)";
				SWIFT_OPTIMIZATION_LEVEL = "-Onone";
			};
			name = Debug;
		};
		703 /* Release */ = {
			isa = XCBuildConfiguration;
			buildSettings = {
				ALWAYS_SEARCH_USER_PATHS = NO;
				ASSETCATALOG_COMPILER_GENERATE_SWIFT_ASSET_SYMBOL_EXTENSIONS = YES;
				CLANG_ANALYZER_LOCALIZABILITY_NONLOCALIZED = YES;
				CLANG_ANALYZER_NONNULL = YES;
				CLANG_ANALYZER_NUMBER_OBJECT_CONVERSION = YES_AGGRESSIVE;
				CLANG_CXX_LANGUAGE_STANDARD = "gnu++20";
				CLANG_ENABLE_MODULES = YES;
				CLANG_ENABLE_OBJC_ARC = YES;
				CLANG_ENABLE_OBJC_WEAK = YES;
				CLANG_WARN_BLOCK_CAPTURE_AUTORELEASING = YES;
				CLANG_WARN_BOOL_CONVERSION = YES;
				CLANG_WARN_COMMA = YES;
				CLANG_WARN_CONSTANT_CONVERSION = YES;
				CLANG_WARN_DEPRECATED_OBJC_IMPLEMENTATIONS = YES;
				CLANG_WARN_DIRECT_OBJC_ISA_USAGE = YES_ERROR;
				CLANG_WARN_DOCUMENTATION_COMMENTS = YES;
				CLANG_WARN_EMPTY_BODY = YES;
				CLANG_WARN_ENUM_CONVERSION = YES;
				CLANG_WARN_INFINITE_RECURSION = YES;
				CLANG_WARN_INT_CONVERSION = YES;
				CLANG_WARN_NON_LITERAL_NULL_CONVERSION = YES;
				CLANG_WARN_OBJC_IMPLICIT_RETAIN_SELF = YES;
				CLANG_WARN_OBJC_LITERAL_CONVERSION = YES;
				CLANG_WARN_OBJC_ROOT_CLASS = YES_ERROR;
				CLANG_WARN_QUOTED_INCLUDE_IN_FRAMEWORK_HEADER = YES;
				CLANG_WARN_RANGE_LOOP_ANALYSIS = YES;
				CLANG_WARN_STRICT_PROTOTYPES = YES;
				CLANG_WARN_SUSPICIOUS_MOVE = YES;
				CLANG_WARN_UNGUARDED_AVAILABILITY = YES_AGGRESSIVE;
				CLANG_WARN_UNREACHABLE_CODE = YES;
				CLANG_WARN__DUPLICATE_METHOD_MATCH = YES;
				COPY_PHASE_STRIP = NO;
				DEBUG_INFORMATION_FORMAT = "dwarf-with-dsym";
				DEVELOPMENT_TEAM = 4SGLX97294;
				ENABLE_NS_ASSERTIONS = NO;
				ENABLE_STRICT_OBJC_MSGSEND = YES;
				ENABLE_USER_SCRIPT_SANDBOXING = YES;
				GCC_C_LANGUAGE_STANDARD = gnu17;
				GCC_NO_COMMON_BLOCKS = YES;
				GCC_WARN_64_TO_32_BIT_CONVERSION = YES;
				GCC_WARN_ABOUT_RETURN_TYPE = YES_ERROR;
				GCC_WARN_UNDECLARED_SELECTOR = YES;
				GCC_WARN_UNINITIALIZED_AUTOS = YES_AGGRESSIVE;
				GCC_WARN_UNUSED_FUNCTION = YES;
				GCC_WARN_UNUSED_VARIABLE = YES;
				IPHONEOS_DEPLOYMENT_TARGET = 17.0;
				LOCALIZATION_PREFERS_STRING_CATALOGS = YES;
				MTL_ENABLE_DEBUG_INFO = NO;
				MTL_FAST_MATH = YES;
				SDKROOT = iphoneos;
				STRING_CATALOG_GENERATE_SYMBOLS = YES;
				SWIFT_COMPILATION_MODE = wholemodule;
				VALIDATE_PRODUCT = YES;
			};
			name = Release;
		};
/* End XCBuildConfiguration section */

/* Begin XCConfigurationList section */
		500 /* Build configuration list for PBXNativeTarget "ConciergeSwift" */ = {
			isa = XCConfigurationList;
			buildConfigurations = (
				501 /* Debug */,
				502 /* Release */,
			);
			defaultConfigurationIsVisible = 0;
			defaultConfigurationName = Release;
		};
		701 /* Build configuration list for PBXProject "ConciergeSwift" */ = {
			isa = XCConfigurationList;
			buildConfigurations = (
				702 /* Debug */,
				703 /* Release */,
			);
			defaultConfigurationIsVisible = 0;
			defaultConfigurationName = Release;
		};
/* End XCConfigurationList section */

/* Begin XCRemoteSwiftPackageReference section */
		800 /* XCRemoteSwiftPackageReference "firebase-ios-sdk" */ = {
			isa = XCRemoteSwiftPackageReference;
			repositoryURL = "https://github.com/firebase/firebase-ios-sdk.git";
			requirement = {
				kind = upToNextMajorVersion;
				minimumVersion = 11.0.0;
			};
		};
/* End XCRemoteSwiftPackageReference section */

/* Begin XCSwiftPackageProductDependency section */
		600 /* FirebaseAuth */ = {
			isa = XCSwiftPackageProductDependency;
			package = 800 /* XCRemoteSwiftPackageReference "firebase-ios-sdk" */;
			productName = FirebaseAuth;
		};
		601 /* FirebaseFirestore */ = {
			isa = XCSwiftPackageProductDependency;
			package = 800 /* XCRemoteSwiftPackageReference "firebase-ios-sdk" */;
			productName = FirebaseFirestore;
		};
		602 /* FirebaseMessaging */ = {
			isa = XCSwiftPackageProductDependency;
			package = 800 /* XCRemoteSwiftPackageReference "firebase-ios-sdk" */;
			productName = FirebaseMessaging;
		};
/* End XCSwiftPackageProductDependency section */
	};
	rootObject = 700 /* Project object */;
}
